
Microsoft Visual Studio Solution File, Format Version 12.00
Project("{FAE04EC0-301F-11D3-BF4B-00C04F79EFBC}") = "TileProfile.Avalonia", "TileProfile.Avalonia\TileProfile.Avalonia.csproj", "{1D7CCE6C-44AC-4150-8967-725D24EBCE11}"
EndProject
Project("{FAE04EC0-301F-11D3-BF4B-00C04F79EFBC}") = "TileProfile.Library", "TileProfile.Library\TileProfile.Library.csproj", "{19ED81E5-3A84-4570-8FFC-A256B1D234CB}"
EndProject
Global
	GlobalSection(SolutionConfigurationPlatforms) = preSolution
		Debug|Any CPU = Debug|Any CPU
		Release|Any CPU = Release|Any CPU
	EndGlobalSection
	GlobalSection(ProjectConfigurationPlatforms) = postSolution
		{1D7CCE6C-44AC-4150-8967-725D24EBCE11}.Debug|Any CPU.ActiveCfg = Debug|Any CPU
		{1D7CCE6C-44AC-4150-8967-725D24EBCE11}.Debug|Any CPU.Build.0 = Debug|Any CPU
		{1D7CCE6C-44AC-4150-8967-725D24EBCE11}.Release|Any CPU.ActiveCfg = Release|Any CPU
		{1D7CCE6C-44AC-4150-8967-725D24EBCE11}.Release|Any CPU.Build.0 = Release|Any CPU
		{19ED81E5-3A84-4570-8FFC-A256B1D234CB}.Debug|Any CPU.ActiveCfg = Debug|Any CPU
		{19ED81E5-3A84-4570-8FFC-A256B1D234CB}.Debug|Any CPU.Build.0 = Debug|Any CPU
		{19ED81E5-3A84-4570-8FFC-A256B1D234CB}.Release|Any CPU.ActiveCfg = Release|Any CPU
		{19ED81E5-3A84-4570-8FFC-A256B1D234CB}.Release|Any CPU.Build.0 = Release|Any CPU
	EndGlobalSection
EndGlobal
